
Microsoft Visual Studio Solution File, Format Version 12.00
# Visual Studio Version 16
VisualStudioVersion = 16.0.31112.23
MinimumVisualStudioVersion = 10.0.40219.1
Project("{2150E333-8FDC-42A3-9474-1A3956D46DE8}") = "src", "src", "{B2662325-56A5-44D6-9E1A-A98BC9F94FD1}"
EndProject
Project("{2150E333-8FDC-42A3-9474-1A3956D46DE8}") = "tests", "tests", "{46B89A3D-A788-4EC2-9BDF-F2128532ABBA}"
EndProject
Project("{2150E333-8FDC-42A3-9474-1A3956D46DE8}") = "api", "api", "{2679252E-BCB8-466A-AD4F-EC048DCBEA41}"
EndProject
Project("{2150E333-8FDC-42A3-9474-1A3956D46DE8}") = "core", "core", "{25ACCD2F-1C15-47B8-8648-45EF2F253545}"
EndProject
Project("{2150E333-8FDC-42A3-9474-1A3956D46DE8}") = "dal", "dal", "{66972D30-7597-407F-81AA-AE33DF7729F3}"
	ProjectSection(SolutionItems) = preProject
		src\dal\MongoDbConnection.config = src\dal\MongoDbConnection.config
	EndProjectSection
EndProject
Project("{2150E333-8FDC-42A3-9474-1A3956D46DE8}") = "api", "api", "{52F6AF87-D025-488F-BA1E-4A10AAA590F0}"
EndProject
Project("{2150E333-8FDC-42A3-9474-1A3956D46DE8}") = "core", "core", "{9F25305E-A142-4678-BB91-54FBA3C7F3F0}"
EndProject
Project("{9A19103F-16F7-4668-BE54-9A1E7A4F7556}") = "Jalasoft.TeamUp.Projects.Core", "src\core\Jalasoft.TeamUp.Projects.Core\Jalasoft.TeamUp.Projects.Core.csproj", "{D903BB83-B838-499F-B616-FC15DA493EAF}"
EndProject
Project("{9A19103F-16F7-4668-BE54-9A1E7A4F7556}") = "Jalasoft.TeamUp.Projects.Core.Interfaces", "src\core\Jalasoft.TeamUp.Projects.Core.Interfaces\Jalasoft.TeamUp.Projects.Core.Interfaces.csproj", "{4A5FFBA4-A11E-4BBE-9793-676B4EF9EA99}"
EndProject
Project("{9A19103F-16F7-4668-BE54-9A1E7A4F7556}") = "Jalasoft.TeamUp.Projects.DAL", "src\dal\Jalasoft.TeamUp.Projects.DAL\Jalasoft.TeamUp.Projects.DAL.csproj", "{032FE7E0-7BC8-480C-BDB0-F19B2B2CCD5E}"
EndProject
Project("{9A19103F-16F7-4668-BE54-9A1E7A4F7556}") = "Jalasoft.TeamUp.Projects.DAL.Interfaces", "src\dal\Jalasoft.TeamUp.Projects.DAL.Interfaces\Jalasoft.TeamUp.Projects.DAL.Interfaces.csproj", "{D5592C5D-B394-4814-9ACE-F7E7D5DA74F8}"
EndProject
Project("{9A19103F-16F7-4668-BE54-9A1E7A4F7556}") = "Jalasoft.TeamUp.Projects.API.Tests", "tests\api\Jalasoft.TeamUp.Projects.API.Tests\Jalasoft.TeamUp.Projects.API.Tests.csproj", "{52240B7F-E531-46B4-AD8D-2E2BA2722963}"
EndProject
Project("{9A19103F-16F7-4668-BE54-9A1E7A4F7556}") = "Jalasoft.TeamUp.Projects.Core.Tests", "tests\core\Jalasoft.TeamUp.Projects.Core.Tests\Jalasoft.TeamUp.Projects.Core.Tests.csproj", "{3F9397DE-3872-4F14-BC1B-B164ABAC7CEA}"
EndProject
Project("{2150E333-8FDC-42A3-9474-1A3956D46DE8}") = "models", "models", "{AA0C86FE-D611-4374-926A-1954B5E240AA}"
EndProject
Project("{9A19103F-16F7-4668-BE54-9A1E7A4F7556}") = "Jalasoft.TeamUp.Projects.Models", "src\models\Jalasoft.TeamUp.Projects.Models\Jalasoft.TeamUp.Projects.Models.csproj", "{F97290D7-95B7-4279-91E0-091BEBA639A7}"
EndProject
Project("{9A19103F-16F7-4668-BE54-9A1E7A4F7556}") = "Jalasoft.TeamUp.Projects.API", "src\api\Jalasoft.TeamUp.Projects.API\Jalasoft.TeamUp.Projects.API.csproj", "{C72CD72D-5EE9-48A1-BE20-4EC9EFA9F171}"
EndProject
Global
	GlobalSection(SolutionConfigurationPlatforms) = preSolution
		Debug|Any CPU = Debug|Any CPU
		Release|Any CPU = Release|Any CPU
	EndGlobalSection
	GlobalSection(ProjectConfigurationPlatforms) = postSolution
		{D903BB83-B838-499F-B616-FC15DA493EAF}.Debug|Any CPU.ActiveCfg = Debug|Any CPU
		{D903BB83-B838-499F-B616-FC15DA493EAF}.Debug|Any CPU.Build.0 = Debug|Any CPU
		{D903BB83-B838-499F-B616-FC15DA493EAF}.Release|Any CPU.ActiveCfg = Release|Any CPU
		{D903BB83-B838-499F-B616-FC15DA493EAF}.Release|Any CPU.Build.0 = Release|Any CPU
		{4A5FFBA4-A11E-4BBE-9793-676B4EF9EA99}.Debug|Any CPU.ActiveCfg = Debug|Any CPU
		{4A5FFBA4-A11E-4BBE-9793-676B4EF9EA99}.Debug|Any CPU.Build.0 = Debug|Any CPU
		{4A5FFBA4-A11E-4BBE-9793-676B4EF9EA99}.Release|Any CPU.ActiveCfg = Release|Any CPU
		{4A5FFBA4-A11E-4BBE-9793-676B4EF9EA99}.Release|Any CPU.Build.0 = Release|Any CPU
		{032FE7E0-7BC8-480C-BDB0-F19B2B2CCD5E}.Debug|Any CPU.ActiveCfg = Debug|Any CPU
		{032FE7E0-7BC8-480C-BDB0-F19B2B2CCD5E}.Debug|Any CPU.Build.0 = Debug|Any CPU
		{032FE7E0-7BC8-480C-BDB0-F19B2B2CCD5E}.Release|Any CPU.ActiveCfg = Release|Any CPU
		{032FE7E0-7BC8-480C-BDB0-F19B2B2CCD5E}.Release|Any CPU.Build.0 = Release|Any CPU
		{D5592C5D-B394-4814-9ACE-F7E7D5DA74F8}.Debug|Any CPU.ActiveCfg = Debug|Any CPU
		{D5592C5D-B394-4814-9ACE-F7E7D5DA74F8}.Debug|Any CPU.Build.0 = Debug|Any CPU
		{D5592C5D-B394-4814-9ACE-F7E7D5DA74F8}.Release|Any CPU.ActiveCfg = Release|Any CPU
		{D5592C5D-B394-4814-9ACE-F7E7D5DA74F8}.Release|Any CPU.Build.0 = Release|Any CPU
		{52240B7F-E531-46B4-AD8D-2E2BA2722963}.Debug|Any CPU.ActiveCfg = Debug|Any CPU
		{52240B7F-E531-46B4-AD8D-2E2BA2722963}.Debug|Any CPU.Build.0 = Debug|Any CPU
		{52240B7F-E531-46B4-AD8D-2E2BA2722963}.Release|Any CPU.ActiveCfg = Release|Any CPU
		{52240B7F-E531-46B4-AD8D-2E2BA2722963}.Release|Any CPU.Build.0 = Release|Any CPU
		{3F9397DE-3872-4F14-BC1B-B164ABAC7CEA}.Debug|Any CPU.ActiveCfg = Debug|Any CPU
		{3F9397DE-3872-4F14-BC1B-B164ABAC7CEA}.Debug|Any CPU.Build.0 = Debug|Any CPU
		{3F9397DE-3872-4F14-BC1B-B164ABAC7CEA}.Release|Any CPU.ActiveCfg = Release|Any CPU
		{3F9397DE-3872-4F14-BC1B-B164ABAC7CEA}.Release|Any CPU.Build.0 = Release|Any CPU
		{F97290D7-95B7-4279-91E0-091BEBA639A7}.Debug|Any CPU.ActiveCfg = Debug|Any CPU
		{F97290D7-95B7-4279-91E0-091BEBA639A7}.Debug|Any CPU.Build.0 = Debug|Any CPU
		{F97290D7-95B7-4279-91E0-091BEBA639A7}.Release|Any CPU.ActiveCfg = Release|Any CPU
		{F97290D7-95B7-4279-91E0-091BEBA639A7}.Release|Any CPU.Build.0 = Release|Any CPU
		{C72CD72D-5EE9-48A1-BE20-4EC9EFA9F171}.Debug|Any CPU.ActiveCfg = Debug|Any CPU
		{C72CD72D-5EE9-48A1-BE20-4EC9EFA9F171}.Debug|Any CPU.Build.0 = Debug|Any CPU
		{C72CD72D-5EE9-48A1-BE20-4EC9EFA9F171}.Release|Any CPU.ActiveCfg = Release|Any CPU
		{C72CD72D-5EE9-48A1-BE20-4EC9EFA9F171}.Release|Any CPU.Build.0 = Release|Any CPU
	EndGlobalSection
	GlobalSection(SolutionProperties) = preSolution
		HideSolutionNode = FALSE
	EndGlobalSection
	GlobalSection(NestedProjects) = preSolution
		{2679252E-BCB8-466A-AD4F-EC048DCBEA41} = {B2662325-56A5-44D6-9E1A-A98BC9F94FD1}
		{25ACCD2F-1C15-47B8-8648-45EF2F253545} = {B2662325-56A5-44D6-9E1A-A98BC9F94FD1}
		{66972D30-7597-407F-81AA-AE33DF7729F3} = {B2662325-56A5-44D6-9E1A-A98BC9F94FD1}
		{52F6AF87-D025-488F-BA1E-4A10AAA590F0} = {46B89A3D-A788-4EC2-9BDF-F2128532ABBA}
		{9F25305E-A142-4678-BB91-54FBA3C7F3F0} = {46B89A3D-A788-4EC2-9BDF-F2128532ABBA}
		{D903BB83-B838-499F-B616-FC15DA493EAF} = {25ACCD2F-1C15-47B8-8648-45EF2F253545}
		{4A5FFBA4-A11E-4BBE-9793-676B4EF9EA99} = {25ACCD2F-1C15-47B8-8648-45EF2F253545}
		{032FE7E0-7BC8-480C-BDB0-F19B2B2CCD5E} = {66972D30-7597-407F-81AA-AE33DF7729F3}
		{D5592C5D-B394-4814-9ACE-F7E7D5DA74F8} = {66972D30-7597-407F-81AA-AE33DF7729F3}
		{52240B7F-E531-46B4-AD8D-2E2BA2722963} = {52F6AF87-D025-488F-BA1E-4A10AAA590F0}
		{3F9397DE-3872-4F14-BC1B-B164ABAC7CEA} = {9F25305E-A142-4678-BB91-54FBA3C7F3F0}
		{AA0C86FE-D611-4374-926A-1954B5E240AA} = {B2662325-56A5-44D6-9E1A-A98BC9F94FD1}
		{F97290D7-95B7-4279-91E0-091BEBA639A7} = {AA0C86FE-D611-4374-926A-1954B5E240AA}
		{C72CD72D-5EE9-48A1-BE20-4EC9EFA9F171} = {2679252E-BCB8-466A-AD4F-EC048DCBEA41}
	EndGlobalSection
	GlobalSection(ExtensibilityGlobals) = postSolution
		SolutionGuid = {725749DB-B97F-476B-9BA4-003A52BDDB0F}
	EndGlobalSection
EndGlobal
